{
  "dependencies": {
    "dockerode": {
      "version": "2.2.6",
      "dependencies": {
        "docker-modem": {
          "version": "0.2.8",
          "dependencies": {
            "JSONStream": {
              "version": "0.10.0",
              "dependencies": {
                "jsonparse": {
                  "version": "0.0.5"
                },
                "through": {
                  "version": "2.3.8"
                }
              }
            },
            "debug": {
              "version": "0.7.4"
            },
            "follow-redirects": {
              "version": "0.0.3",
              "dependencies": {
                "underscore": {
                  "version": "1.8.3"
                }
              }
            },
            "querystring": {
              "version": "0.2.0"
            },
            "readable-stream": {
              "version": "1.0.33",
              "dependencies": {
                "core-util-is": {
                  "version": "1.0.2"
                },
                "isarray": {
                  "version": "0.0.1"
                },
                "string_decoder": {
                  "version": "0.10.31"
                },
                "inherits": {
                  "version": "2.0.1"
                }
              }
            },
            "split-ca": {
              "version": "1.0.0"
            }
          }
        }
      }
    }
  }
}
